version = 1
revision = 2
requires-python = ">=3.13"

[[package]]
name = "ifaddr"
version = "0.2.0"
source = { registry = "https://pypi.org/simple" }
sdist = { url = "https://files.pythonhosted.org/packages/e8/ac/fb4c578f4a3256561548cd825646680edcadb9440f3f68add95ade1eb791/ifaddr-0.2.0.tar.gz", hash = "sha256:cc0cbfcaabf765d44595825fb96a99bb12c79716b73b44330ea38ee2b0c4aed4", size = 10485, upload-time = "2022-06-15T21:40:27.561Z" }
wheels = [
    { url = "https://files.pythonhosted.org/packages/9c/1f/19ebc343cc71a7ffa78f17018535adc5cbdd87afb31d7c34874680148b32/ifaddr-0.2.0-py3-none-any.whl", hash = "sha256:085e0305cfe6f16ab12d72e2024030f5d52674afad6911bb1eee207177b8a748", size = 12314, upload-time = "2022-06-15T21:40:25.756Z" },
]

[[package]]
name = "shared-clipboard"
version = "0.1.0"
source = { virtual = "." }
dependencies = [
    { name = "zeroconf" },
]

[package.metadata]
requires-dist = [{ name = "zeroconf", specifier = ">=0.147.0" }]

[[package]]
name = "zeroconf"
version = "0.147.0"
source = { registry = "https://pypi.org/simple" }
dependencies = [
    { name = "ifaddr" },
]
sdist = { url = "https://files.pythonhosted.org/packages/e2/78/f681afade2a4e7a9ade696cf3d3dcd9905e28720d74c16cafb83b5dd5c0a/zeroconf-0.147.0.tar.gz", hash = "sha256:f517375de6bf2041df826130da41dc7a3e8772176d3076a5da58854c7d2e8d7a", size = 163958, upload-time = "2025-05-03T16:24:54.207Z" }
wheels = [
    { url = "https://files.pythonhosted.org/packages/ad/83/c6ee14c962b79f616f8f987a52244e877647db3846007fc167f481a81b7d/zeroconf-0.147.0-cp313-cp313-macosx_10_13_x86_64.whl", hash = "sha256:1deedbedea7402754b3a1a05a2a1c881443451ccd600b2a7f979e97dd9fcbe6d", size = 1841229, upload-time = "2025-05-03T16:59:17.783Z" },
    { url = "https://files.pythonhosted.org/packages/91/c0/42c08a8b2c5b6052d48a5517a5d05076b8ee2c0a458ea9bd5e0e2be38c01/zeroconf-0.147.0-cp313-cp313-macosx_11_0_arm64.whl", hash = "sha256:5c57d551e65a2a9b6333b685e3b074601f6e85762e4b4a490c663f1f2e215b24", size = 1697806, upload-time = "2025-05-03T16:59:20.083Z" },
    { url = "https://files.pythonhosted.org/packages/bf/79/d9b440786d62626f2ca4bd692b6c2bbd1e70e1124c56321bac6a2212a5eb/zeroconf-0.147.0-cp313-cp313-manylinux_2_17_aarch64.manylinux2014_aarch64.whl", hash = "sha256:095bdb0cd369355ff919e3be930991b38557baaa8292d82f4a4a8567a3944f05", size = 2141482, upload-time = "2025-05-03T16:59:22.067Z" },
    { url = "https://files.pythonhosted.org/packages/48/12/ab7d31620892a7f4d446a3f0261ddb1198318348c039b4a5ec7d9d09579c/zeroconf-0.147.0-cp313-cp313-manylinux_2_17_i686.manylinux_2_5_i686.manylinux1_i686.manylinux2014_i686.whl", hash = "sha256:8ae0fe0bb947b3a128af586c76a16b5a7d027daa65e67637b042c745f9b136c4", size = 2315614, upload-time = "2025-05-03T16:59:24.091Z" },
    { url = "https://files.pythonhosted.org/packages/7b/48/2de072ee42e36328e1d80408b70eddf3df0a5b9640db188caa363b3e120f/zeroconf-0.147.0-cp313-cp313-manylinux_2_17_x86_64.manylinux2014_x86_64.whl", hash = "sha256:6cbeea4d8d0c4f6eb5a82099d53f5729b628685039a44c1a84422080f8ec5b0d", size = 2259809, upload-time = "2025-05-03T16:59:25.976Z" },
    { url = "https://files.pythonhosted.org/packages/02/ec/3344b1ed4e60b36dd73cb66c36299c83a356e853e728c68314061498e9cd/zeroconf-0.147.0-cp313-cp313-manylinux_2_31_armv7l.manylinux_2_17_armv7l.manylinux2014_armv7l.whl", hash = "sha256:728f82417800c5c5dd3298f65cf7a8fef1707123b457d3832dbdf17d38f68840", size = 2096364, upload-time = "2025-05-03T16:59:27.786Z" },
    { url = "https://files.pythonhosted.org/packages/cd/30/5f34363e2d3c25a78fc925edcc5d45d332296a756d698ccfc060bba8a7aa/zeroconf-0.147.0-cp313-cp313-manylinux_2_36_x86_64.whl", hash = "sha256:a2dc9ae96cd49b50d651a78204aafe9f41e907122dc98e719be5376b4dddec6f", size = 2307868, upload-time = "2025-05-03T16:24:52.178Z" },
    { url = "https://files.pythonhosted.org/packages/1b/a8/9b4242ae78bd271520e019faf47d8a2b36242b3b1a7fd47ee7510d380734/zeroconf-0.147.0-cp313-cp313-musllinux_1_2_aarch64.whl", hash = "sha256:e9570ab3203cc4bd3ad023737ef4339558cdf1f33a5d45d76ed3fe77e5fa5f57", size = 2295063, upload-time = "2025-05-03T16:59:29.695Z" },
    { url = "https://files.pythonhosted.org/packages/9d/e6/b63e4e09d71e94bfe0d30c6fc80b0e67e3845eb630bcfb056626db070776/zeroconf-0.147.0-cp313-cp313-musllinux_1_2_armv7l.whl", hash = "sha256:fd783d9bac258e79d07e2bd164c1962b8f248579392b5078fd607e7bb6760b53", size = 2152284, upload-time = "2025-05-03T16:59:31.598Z" },
    { url = "https://files.pythonhosted.org/packages/72/12/42b990cb7ad997eb9f9fff15c61abff022adc44f5d1e96bd712ed6cd85ab/zeroconf-0.147.0-cp313-cp313-musllinux_1_2_i686.whl", hash = "sha256:b4acc76063cc379774db407dce0263616518bb5135057eb5eeafc447b3c05a81", size = 2498559, upload-time = "2025-05-03T16:59:33.444Z" },
    { url = "https://files.pythonhosted.org/packages/99/f9/080619bfcfc353deeb8cf7e813eaf73e8e28ff9a8ca7b97b9f0ecbf4d1d6/zeroconf-0.147.0-cp313-cp313-musllinux_1_2_x86_64.whl", hash = "sha256:acc5334cb6cb98db3917bf9a3d6b6b7fdd205f8a74fd6f4b885abb4f61098857", size = 2456548, upload-time = "2025-05-03T16:59:35.721Z" },
    { url = "https://files.pythonhosted.org/packages/35/b6/a25b703f418200edd6932d56bbd32cbd087b828579cf223348fa778fb1ff/zeroconf-0.147.0-cp313-cp313-win32.whl", hash = "sha256:7c52c523aa756e67bf18d46db298a5964291f7d868b4a970163432e7d745b992", size = 1427188, upload-time = "2025-05-03T16:59:38.756Z" },
    { url = "https://files.pythonhosted.org/packages/a0/e1/ba463435cdb0b38088eae56d508ec6128b9012f58cedab145b1b77e51316/zeroconf-0.147.0-cp313-cp313-win_amd64.whl", hash = "sha256:60f623af0e45fba69f5fe80d7b300c913afe7928fb43f4b9757f0f76f80f0d82", size = 1655531, upload-time = "2025-05-03T16:59:40.65Z" },
]
